// !$*UTF8*$!
{
	archiveVersion = 1;
	classes = {
	};
	objectVersion = 46;
	objects = {

/* Begin PBXBuildFile section */
		DF04CEE21B66822B00B65881 /* crymeme1.png in Resources */ = {isa = PBXBuildFile; fileRef = DF04CEDE1B66822B00B65881 /* crymeme1.png */; };
		DF04CEE31B66822B00B65881 /* crymeme2.png in Resources */ = {isa = PBXBuildFile; fileRef = DF04CEDF1B66822B00B65881 /* crymeme2.png */; };
		DF04CEE41B66822B00B65881 /* crymeme3.png in Resources */ = {isa = PBXBuildFile; fileRef = DF04CEE01B66822B00B65881 /* crymeme3.png */; };
		DF04CEE51B66822B00B65881 /* crymeme4.png in Resources */ = {isa = PBXBuildFile; fileRef = DF04CEE11B66822B00B65881 /* crymeme4.png */; };
		DF04CEE71B6684DC00B65881 /* Bubble_talk.png in Resources */ = {isa = PBXBuildFile; fileRef = DF04CEE61B6684DC00B65881 /* Bubble_talk.png */; };
		DF3A7BF41B628EB600E85FA7 /* map_pin.png in Resources */ = {isa = PBXBuildFile; fileRef = DF3A7BF31B628EB600E85FA7 /* map_pin.png */; };
		DF3A7BF61B628F1F00E85FA7 /* refresh.png in Resources */ = {isa = PBXBuildFile; fileRef = DF3A7BF51B628F1F00E85FA7 /* refresh.png */; };
		DF3A7BF81B629A3A00E85FA7 /* gridMapView.swift in Sources */ = {isa = PBXBuildFile; fileRef = DF3A7BF71B629A3A00E85FA7 /* gridMapView.swift */; };
		DF3A7BFA1B63F07C00E85FA7 /* geoLocationView.swift in Sources */ = {isa = PBXBuildFile; fileRef = DF3A7BF91B63F07C00E85FA7 /* geoLocationView.swift */; };
		DF517EC21B608B3400013445 /* enterLocationView.swift in Sources */ = {isa = PBXBuildFile; fileRef = DF517EC11B608B3400013445 /* enterLocationView.swift */; };
		DFC8FC2C1B5CC7FA00833E0C /* AppDelegate.swift in Sources */ = {isa = PBXBuildFile; fileRef = DFC8FC2B1B5CC7FA00833E0C /* AppDelegate.swift */; };
		DFC8FC2F1B5CC7FA00833E0C /* onthemap.xcdatamodeld in Sources */ = {isa = PBXBuildFile; fileRef = DFC8FC2D1B5CC7FA00833E0C /* onthemap.xcdatamodeld */; };
		DFC8FC311B5CC7FA00833E0C /* loginView.swift in Sources */ = {isa = PBXBuildFile; fileRef = DFC8FC301B5CC7FA00833E0C /* loginView.swift */; };
		DFC8FC341B5CC7FA00833E0C /* Main.storyboard in Resources */ = {isa = PBXBuildFile; fileRef = DFC8FC321B5CC7FA00833E0C /* Main.storyboard */; };
		DFC8FC361B5CC7FA00833E0C /* Images.xcassets in Resources */ = {isa = PBXBuildFile; fileRef = DFC8FC351B5CC7FA00833E0C /* Images.xcassets */; };
		DFC8FC391B5CC7FA00833E0C /* LaunchScreen.xib in Resources */ = {isa = PBXBuildFile; fileRef = DFC8FC371B5CC7FA00833E0C /* LaunchScreen.xib */; };
		DFC8FC451B5CC7FA00833E0C /* onthemapTests.swift in Sources */ = {isa = PBXBuildFile; fileRef = DFC8FC441B5CC7FA00833E0C /* onthemapTests.swift */; };
		DFC8FC531B5CCBF800833E0C /* me.png in Resources */ = {isa = PBXBuildFile; fileRef = DFC8FC521B5CCBF800833E0C /* me.png */; };
		DFC8FDF01B5CF21B00833E0C /* FBSDKCoreKit.framework in Frameworks */ = {isa = PBXBuildFile; fileRef = DFC8FDEE1B5CF21B00833E0C /* FBSDKCoreKit.framework */; };
		DFC8FDF11B5CF21B00833E0C /* FBSDKLoginKit.framework in Frameworks */ = {isa = PBXBuildFile; fileRef = DFC8FDEF1B5CF21B00833E0C /* FBSDKLoginKit.framework */; };
		DFC8FDF41B5CF36600833E0C /* Bolts.framework in Frameworks */ = {isa = PBXBuildFile; fileRef = DFC8FDF31B5CF36600833E0C /* Bolts.framework */; };
		DFC8FDF61B5DF4C700833E0C /* udacityAPI.swift in Sources */ = {isa = PBXBuildFile; fileRef = DFC8FDF51B5DF4C700833E0C /* udacityAPI.swift */; };
		DFC8FDF81B5DFF5C00833E0C /* parseAPI.swift in Sources */ = {isa = PBXBuildFile; fileRef = DFC8FDF71B5DFF5C00833E0C /* parseAPI.swift */; };
		DFC8FDFA1B5DFFCD00833E0C /* StudentInformation.swift in Sources */ = {isa = PBXBuildFile; fileRef = DFC8FDF91B5DFFCD00833E0C /* StudentInformation.swift */; };
		DFC8FDFC1B5E10C700833E0C /* loginInfo.swift in Sources */ = {isa = PBXBuildFile; fileRef = DFC8FDFB1B5E10C700833E0C /* loginInfo.swift */; };
		DFC8FE001B5E3C8500833E0C /* sharePreference.swift in Sources */ = {isa = PBXBuildFile; fileRef = DFC8FDFF1B5E3C8500833E0C /* sharePreference.swift */; };
		DFC8FE061B5E48E600833E0C /* mapView.swift in Sources */ = {isa = PBXBuildFile; fileRef = DFC8FE051B5E48E600833E0C /* mapView.swift */; };
		DFC8FE081B5E490500833E0C /* listMapView.swift in Sources */ = {isa = PBXBuildFile; fileRef = DFC8FE071B5E490500833E0C /* listMapView.swift */; };
		DFFEFBE71B6FB4930050BC5D /* human.png in Resources */ = {isa = PBXBuildFile; fileRef = DFFEFBE61B6FB4930050BC5D /* human.png */; };
/* End PBXBuildFile section */

/* Begin PBXContainerItemProxy section */
		DFC8FC3F1B5CC7FA00833E0C /* PBXContainerItemProxy */ = {
			isa = PBXContainerItemProxy;
			containerPortal = DFC8FC1E1B5CC7FA00833E0C /* Project object */;
			proxyType = 1;
			remoteGlobalIDString = DFC8FC251B5CC7FA00833E0C;
			remoteInfo = onthemap;
		};
/* End PBXContainerItemProxy section */

/* Begin PBXFileReference section */
		DF04CEDE1B66822B00B65881 /* crymeme1.png */ = {isa = PBXFileReference; lastKnownFileType = image.png; path = crymeme1.png; sourceTree = "<group>"; };
		DF04CEDF1B66822B00B65881 /* crymeme2.png */ = {isa = PBXFileReference; lastKnownFileType = image.png; path = crymeme2.png; sourceTree = "<group>"; };
		DF04CEE01B66822B00B65881 /* crymeme3.png */ = {isa = PBXFileReference; lastKnownFileType = image.png; path = crymeme3.png; sourceTree = "<group>"; };
		DF04CEE11B66822B00B65881 /* crymeme4.png */ = {isa = PBXFileReference; lastKnownFileType = image.png; path = crymeme4.png; sourceTree = "<group>"; };
		DF04CEE61B6684DC00B65881 /* Bubble_talk.png */ = {isa = PBXFileReference; lastKnownFileType = image.png; path = Bubble_talk.png; sourceTree = "<group>"; };
		DF3A7BF31B628EB600E85FA7 /* map_pin.png */ = {isa = PBXFileReference; lastKnownFileType = image.png; path = map_pin.png; sourceTree = "<group>"; };
		DF3A7BF51B628F1F00E85FA7 /* refresh.png */ = {isa = PBXFileReference; lastKnownFileType = image.png; path = refresh.png; sourceTree = "<group>"; };
		DF3A7BF71B629A3A00E85FA7 /* gridMapView.swift */ = {isa = PBXFileReference; fileEncoding = 4; lastKnownFileType = sourcecode.swift; path = gridMapView.swift; sourceTree = "<group>"; };
		DF3A7BF91B63F07C00E85FA7 /* geoLocationView.swift */ = {isa = PBXFileReference; fileEncoding = 4; lastKnownFileType = sourcecode.swift; path = geoLocationView.swift; sourceTree = "<group>"; };
		DF517EC11B608B3400013445 /* enterLocationView.swift */ = {isa = PBXFileReference; fileEncoding = 4; lastKnownFileType = sourcecode.swift; path = enterLocationView.swift; sourceTree = "<group>"; };
		DFC8FC261B5CC7FA00833E0C /* onthemap.app */ = {isa = PBXFileReference; explicitFileType = wrapper.application; includeInIndex = 0; path = onthemap.app; sourceTree = BUILT_PRODUCTS_DIR; };
		DFC8FC2A1B5CC7FA00833E0C /* Info.plist */ = {isa = PBXFileReference; lastKnownFileType = text.plist.xml; path = Info.plist; sourceTree = "<group>"; };
		DFC8FC2B1B5CC7FA00833E0C /* AppDelegate.swift */ = {isa = PBXFileReference; lastKnownFileType = sourcecode.swift; path = AppDelegate.swift; sourceTree = "<group>"; };
		DFC8FC2E1B5CC7FA00833E0C /* onthemap.xcdatamodel */ = {isa = PBXFileReference; lastKnownFileType = wrapper.xcdatamodel; path = onthemap.xcdatamodel; sourceTree = "<group>"; };
		DFC8FC301B5CC7FA00833E0C /* loginView.swift */ = {isa = PBXFileReference; lastKnownFileType = sourcecode.swift; path = loginView.swift; sourceTree = "<group>"; };
		DFC8FC331B5CC7FA00833E0C /* Base */ = {isa = PBXFileReference; lastKnownFileType = file.storyboard; name = Base; path = Base.lproj/Main.storyboard; sourceTree = "<group>"; };
		DFC8FC351B5CC7FA00833E0C /* Images.xcassets */ = {isa = PBXFileReference; lastKnownFileType = folder.assetcatalog; path = Images.xcassets; sourceTree = "<group>"; };
		DFC8FC381B5CC7FA00833E0C /* Base */ = {isa = PBXFileReference; lastKnownFileType = file.xib; name = Base; path = Base.lproj/LaunchScreen.xib; sourceTree = "<group>"; };
		DFC8FC3E1B5CC7FA00833E0C /* onthemapTests.xctest */ = {isa = PBXFileReference; explicitFileType = wrapper.cfbundle; includeInIndex = 0; path = onthemapTests.xctest; sourceTree = BUILT_PRODUCTS_DIR; };
		DFC8FC431B5CC7FA00833E0C /* Info.plist */ = {isa = PBXFileReference; lastKnownFileType = text.plist.xml; path = Info.plist; sourceTree = "<group>"; };
		DFC8FC441B5CC7FA00833E0C /* onthemapTests.swift */ = {isa = PBXFileReference; lastKnownFileType = sourcecode.swift; path = onthemapTests.swift; sourceTree = "<group>"; };
		DFC8FC521B5CCBF800833E0C /* me.png */ = {isa = PBXFileReference; lastKnownFileType = image.png; path = me.png; sourceTree = "<group>"; };
		DFC8FC5B1B5CE9C400833E0C /* Bridging-FB.h */ = {isa = PBXFileReference; lastKnownFileType = sourcecode.c.h; path = "Bridging-FB.h"; sourceTree = "<group>"; };
		DFC8FDEE1B5CF21B00833E0C /* FBSDKCoreKit.framework */ = {isa = PBXFileReference; lastKnownFileType = wrapper.framework; name = FBSDKCoreKit.framework; path = /Users/amornapichattanakul/Documents/FacebookSDK/FBSDKCoreKit.framework; sourceTree = "<absolute>"; };
		DFC8FDEF1B5CF21B00833E0C /* FBSDKLoginKit.framework */ = {isa = PBXFileReference; lastKnownFileType = wrapper.framework; name = FBSDKLoginKit.framework; path = /Users/amornapichattanakul/Documents/FacebookSDK/FBSDKLoginKit.framework; sourceTree = "<absolute>"; };
		DFC8FDF31B5CF36600833E0C /* Bolts.framework */ = {isa = PBXFileReference; lastKnownFileType = wrapper.framework; name = Bolts.framework; path = ../../../../../Users/amornapichattanakul/Documents/FacebookSDK/Bolts.framework; sourceTree = "<group>"; };
		DFC8FDF51B5DF4C700833E0C /* udacityAPI.swift */ = {isa = PBXFileReference; fileEncoding = 4; lastKnownFileType = sourcecode.swift; path = udacityAPI.swift; sourceTree = "<group>"; };
		DFC8FDF71B5DFF5C00833E0C /* parseAPI.swift */ = {isa = PBXFileReference; fileEncoding = 4; lastKnownFileType = sourcecode.swift; path = parseAPI.swift; sourceTree = "<group>"; };
		DFC8FDF91B5DFFCD00833E0C /* StudentInformation.swift */ = {isa = PBXFileReference; fileEncoding = 4; lastKnownFileType = sourcecode.swift; path = StudentInformation.swift; sourceTree = "<group>"; };
		DFC8FDFB1B5E10C700833E0C /* loginInfo.swift */ = {isa = PBXFileReference; fileEncoding = 4; lastKnownFileType = sourcecode.swift; path = loginInfo.swift; sourceTree = "<group>"; };
		DFC8FDFF1B5E3C8500833E0C /* sharePreference.swift */ = {isa = PBXFileReference; fileEncoding = 4; lastKnownFileType = sourcecode.swift; path = sharePreference.swift; sourceTree = "<group>"; };
		DFC8FE051B5E48E600833E0C /* mapView.swift */ = {isa = PBXFileReference; fileEncoding = 4; lastKnownFileType = sourcecode.swift; path = mapView.swift; sourceTree = "<group>"; };
		DFC8FE071B5E490500833E0C /* listMapView.swift */ = {isa = PBXFileReference; fileEncoding = 4; lastKnownFileType = sourcecode.swift; path = listMapView.swift; sourceTree = "<group>"; };
		DFFEFBE61B6FB4930050BC5D /* human.png */ = {isa = PBXFileReference; lastKnownFileType = image.png; path = human.png; sourceTree = "<group>"; };
/* End PBXFileReference section */

/* Begin PBXFrameworksBuildPhase section */
		DFC8FC231B5CC7FA00833E0C /* Frameworks */ = {
			isa = PBXFrameworksBuildPhase;
			buildActionMask = 2147483647;
			files = (
				DFC8FDF41B5CF36600833E0C /* Bolts.framework in Frameworks */,
				DFC8FDF11B5CF21B00833E0C /* FBSDKLoginKit.framework in Frameworks */,
				DFC8FDF01B5CF21B00833E0C /* FBSDKCoreKit.framework in Frameworks */,
			);
			runOnlyForDeploymentPostprocessing = 0;
		};
		DFC8FC3B1B5CC7FA00833E0C /* Frameworks */ = {
			isa = PBXFrameworksBuildPhase;
			buildActionMask = 2147483647;
			files = (
			);
			runOnlyForDeploymentPostprocessing = 0;
		};
/* End PBXFrameworksBuildPhase section */

/* Begin PBXGroup section */
		DFC8FC1D1B5CC7FA00833E0C = {
			isa = PBXGroup;
			children = (
				DFC8FC281B5CC7FA00833E0C /* onthemap */,
				DFC8FC411B5CC7FA00833E0C /* onthemapTests */,
				DFC8FC271B5CC7FA00833E0C /* Products */,
			);
			sourceTree = "<group>";
		};
		DFC8FC271B5CC7FA00833E0C /* Products */ = {
			isa = PBXGroup;
			children = (
				DFC8FC261B5CC7FA00833E0C /* onthemap.app */,
				DFC8FC3E1B5CC7FA00833E0C /* onthemapTests.xctest */,
			);
			name = Products;
			sourceTree = "<group>";
		};
		DFC8FC281B5CC7FA00833E0C /* onthemap */ = {
			isa = PBXGroup;
			children = (
				DFC8FDF21B5CF22200833E0C /* Frameworks */,
				DFC8FC511B5CCBC800833E0C /* assets */,
				DFC8FC501B5CC83D00833E0C /* Controller */,
				DFC8FC4F1B5CC83700833E0C /* View */,
				DFC8FC4E1B5CC82D00833E0C /* Model */,
				DFC8FC2B1B5CC7FA00833E0C /* AppDelegate.swift */,
				DFC8FC5B1B5CE9C400833E0C /* Bridging-FB.h */,
				DFC8FC321B5CC7FA00833E0C /* Main.storyboard */,
				DFC8FC351B5CC7FA00833E0C /* Images.xcassets */,
				DFC8FC371B5CC7FA00833E0C /* LaunchScreen.xib */,
				DFC8FC2D1B5CC7FA00833E0C /* onthemap.xcdatamodeld */,
				DFC8FC291B5CC7FA00833E0C /* Supporting Files */,
			);
			path = onthemap;
			sourceTree = "<group>";
		};
		DFC8FC291B5CC7FA00833E0C /* Supporting Files */ = {
			isa = PBXGroup;
			children = (
				DFC8FC2A1B5CC7FA00833E0C /* Info.plist */,
			);
			name = "Supporting Files";
			sourceTree = "<group>";
		};
		DFC8FC411B5CC7FA00833E0C /* onthemapTests */ = {
			isa = PBXGroup;
			children = (
				DFC8FC441B5CC7FA00833E0C /* onthemapTests.swift */,
				DFC8FC421B5CC7FA00833E0C /* Supporting Files */,
			);
			path = onthemapTests;
			sourceTree = "<group>";
		};
		DFC8FC421B5CC7FA00833E0C /* Supporting Files */ = {
			isa = PBXGroup;
			children = (
				DFC8FC431B5CC7FA00833E0C /* Info.plist */,
			);
			name = "Supporting Files";
			sourceTree = "<group>";
		};
		DFC8FC4E1B5CC82D00833E0C /* Model */ = {
			isa = PBXGroup;
			children = (
				DFC8FDF91B5DFFCD00833E0C /* StudentInformation.swift */,
				DFC8FDFB1B5E10C700833E0C /* loginInfo.swift */,
			);
			name = Model;
			sourceTree = "<group>";
		};
		DFC8FC4F1B5CC83700833E0C /* View */ = {
			isa = PBXGroup;
			children = (
				DFC8FC301B5CC7FA00833E0C /* loginView.swift */,
				DFC8FE051B5E48E600833E0C /* mapView.swift */,
				DFC8FE071B5E490500833E0C /* listMapView.swift */,
				DF3A7BF71B629A3A00E85FA7 /* gridMapView.swift */,
				DF517EC11B608B3400013445 /* enterLocationView.swift */,
				DF3A7BF91B63F07C00E85FA7 /* geoLocationView.swift */,
			);
			name = View;
			sourceTree = "<group>";
		};
		DFC8FC501B5CC83D00833E0C /* Controller */ = {
			isa = PBXGroup;
			children = (
				DFC8FDF51B5DF4C700833E0C /* udacityAPI.swift */,
				DFC8FDFF1B5E3C8500833E0C /* sharePreference.swift */,
				DFC8FDF71B5DFF5C00833E0C /* parseAPI.swift */,
			);
			name = Controller;
			sourceTree = "<group>";
		};
		DFC8FC511B5CCBC800833E0C /* assets */ = {
			isa = PBXGroup;
			children = (
				DFFEFBE61B6FB4930050BC5D /* human.png */,
				DF04CEE61B6684DC00B65881 /* Bubble_talk.png */,
				DF3A7BF51B628F1F00E85FA7 /* refresh.png */,
				DF04CEDE1B66822B00B65881 /* crymeme1.png */,
				DF04CEDF1B66822B00B65881 /* crymeme2.png */,
				DF04CEE01B66822B00B65881 /* crymeme3.png */,
				DF04CEE11B66822B00B65881 /* crymeme4.png */,
				DF3A7BF31B628EB600E85FA7 /* map_pin.png */,
				DFC8FC521B5CCBF800833E0C /* me.png */,
			);
			name = assets;
			sourceTree = "<group>";
		};
		DFC8FDF21B5CF22200833E0C /* Frameworks */ = {
			isa = PBXGroup;
			children = (
				DFC8FDF31B5CF36600833E0C /* Bolts.framework */,
				DFC8FDEE1B5CF21B00833E0C /* FBSDKCoreKit.framework */,
				DFC8FDEF1B5CF21B00833E0C /* FBSDKLoginKit.framework */,
			);
			name = Frameworks;
			sourceTree = "<group>";
		};
/* End PBXGroup section */

/* Begin PBXNativeTarget section */
		DFC8FC251B5CC7FA00833E0C /* onthemap */ = {
			isa = PBXNativeTarget;
			buildConfigurationList = DFC8FC481B5CC7FA00833E0C /* Build configuration list for PBXNativeTarget "onthemap" */;
			buildPhases = (
				DFC8FC221B5CC7FA00833E0C /* Sources */,
				DFC8FC231B5CC7FA00833E0C /* Frameworks */,
				DFC8FC241B5CC7FA00833E0C /* Resources */,
			);
			buildRules = (
			);
			dependencies = (
			);
			name = onthemap;
			productName = onthemap;
			productReference = DFC8FC261B5CC7FA00833E0C /* onthemap.app */;
			productType = "com.apple.product-type.application";
		};
		DFC8FC3D1B5CC7FA00833E0C /* onthemapTests */ = {
			isa = PBXNativeTarget;
			buildConfigurationList = DFC8FC4B1B5CC7FA00833E0C /* Build configuration list for PBXNativeTarget "onthemapTests" */;
			buildPhases = (
				DFC8FC3A1B5CC7FA00833E0C /* Sources */,
				DFC8FC3B1B5CC7FA00833E0C /* Frameworks */,
				DFC8FC3C1B5CC7FA00833E0C /* Resources */,
			);
			buildRules = (
			);
			dependencies = (
				DFC8FC401B5CC7FA00833E0C /* PBXTargetDependency */,
			);
			name = onthemapTests;
			productName = onthemapTests;
			productReference = DFC8FC3E1B5CC7FA00833E0C /* onthemapTests.xctest */;
			productType = "com.apple.product-type.bundle.unit-test";
		};
/* End PBXNativeTarget section */

/* Begin PBXProject section */
		DFC8FC1E1B5CC7FA00833E0C /* Project object */ = {
			isa = PBXProject;
			attributes = {
				LastUpgradeCheck = 0640;
				ORGANIZATIONNAME = amorn;
				TargetAttributes = {
					DFC8FC251B5CC7FA00833E0C = {
						CreatedOnToolsVersion = 6.4;
					};
					DFC8FC3D1B5CC7FA00833E0C = {
						CreatedOnToolsVersion = 6.4;
						TestTargetID = DFC8FC251B5CC7FA00833E0C;
					};
				};
			};
			buildConfigurationList = DFC8FC211B5CC7FA00833E0C /* Build configuration list for PBXProject "onthemap" */;
			compatibilityVersion = "Xcode 3.2";
			developmentRegion = English;
			hasScannedForEncodings = 0;
			knownRegions = (
				en,
				Base,
			);
			mainGroup = DFC8FC1D1B5CC7FA00833E0C;
			productRefGroup = DFC8FC271B5CC7FA00833E0C /* Products */;
			projectDirPath = "";
			projectRoot = "";
			targets = (
				DFC8FC251B5CC7FA00833E0C /* onthemap */,
				DFC8FC3D1B5CC7FA00833E0C /* onthemapTests */,
			);
		};
/* End PBXProject section */

/* Begin PBXResourcesBuildPhase section */
		DFC8FC241B5CC7FA00833E0C /* Resources */ = {
			isa = PBXResourcesBuildPhase;
			buildActionMask = 2147483647;
			files = (
				DFC8FC341B5CC7FA00833E0C /* Main.storyboard in Resources */,
				DFFEFBE71B6FB4930050BC5D /* human.png in Resources */,
				DF3A7BF41B628EB600E85FA7 /* map_pin.png in Resources */,
				DF3A7BF61B628F1F00E85FA7 /* refresh.png in Resources */,
				DF04CEE41B66822B00B65881 /* crymeme3.png in Resources */,
				DF04CEE31B66822B00B65881 /* crymeme2.png in Resources */,
				DFC8FC391B5CC7FA00833E0C /* LaunchScreen.xib in Resources */,
				DF04CEE21B66822B00B65881 /* crymeme1.png in Resources */,
				DFC8FC361B5CC7FA00833E0C /* Images.xcassets in Resources */,
				DFC8FC531B5CCBF800833E0C /* me.png in Resources */,
				DF04CEE71B6684DC00B65881 /* Bubble_talk.png in Resources */,
				DF04CEE51B66822B00B65881 /* crymeme4.png in Resources */,
			);
			runOnlyForDeploymentPostprocessing = 0;
		};
		DFC8FC3C1B5CC7FA00833E0C /* Resources */ = {
			isa = PBXResourcesBuildPhase;
			buildActionMask = 2147483647;
			files = (
			);
			runOnlyForDeploymentPostprocessing = 0;
		};
/* End PBXResourcesBuildPhase section */

/* Begin PBXSourcesBuildPhase section */
		DFC8FC221B5CC7FA00833E0C /* Sources */ = {
			isa = PBXSourcesBuildPhase;
			buildActionMask = 2147483647;
			files = (
				DFC8FDFC1B5E10C700833E0C /* loginInfo.swift in Sources */,
				DFC8FDF81B5DFF5C00833E0C /* parseAPI.swift in Sources */,
				DFC8FE081B5E490500833E0C /* listMapView.swift in Sources */,
				DFC8FE061B5E48E600833E0C /* mapView.swift in Sources */,
				DFC8FDF61B5DF4C700833E0C /* udacityAPI.swift in Sources */,
				DFC8FC311B5CC7FA00833E0C /* loginView.swift in Sources */,
				DFC8FE001B5E3C8500833E0C /* sharePreference.swift in Sources */,
				DF517EC21B608B3400013445 /* enterLocationView.swift in Sources */,
				DFC8FC2C1B5CC7FA00833E0C /* AppDelegate.swift in Sources */,
				DF3A7BF81B629A3A00E85FA7 /* gridMapView.swift in Sources */,
				DF3A7BFA1B63F07C00E85FA7 /* geoLocationView.swift in Sources */,
				DFC8FDFA1B5DFFCD00833E0C /* StudentInformation.swift in Sources */,
				DFC8FC2F1B5CC7FA00833E0C /* onthemap.xcdatamodeld in Sources */,
			);
			runOnlyForDeploymentPostprocessing = 0;
		};
		DFC8FC3A1B5CC7FA00833E0C /* Sources */ = {
			isa = PBXSourcesBuildPhase;
			buildActionMask = 2147483647;
			files = (
				DFC8FC451B5CC7FA00833E0C /* onthemapTests.swift in Sources */,
			);
			runOnlyForDeploymentPostprocessing = 0;
		};
/* End PBXSourcesBuildPhase section */

/* Begin PBXTargetDependency section */
		DFC8FC401B5CC7FA00833E0C /* PBXTargetDependency */ = {
			isa = PBXTargetDependency;
			target = DFC8FC251B5CC7FA00833E0C /* onthemap */;
			targetProxy = DFC8FC3F1B5CC7FA00833E0C /* PBXContainerItemProxy */;
		};
/* End PBXTargetDependency section */

/* Begin PBXVariantGroup section */
		DFC8FC321B5CC7FA00833E0C /* Main.storyboard */ = {
			isa = PBXVariantGroup;
			children = (
				DFC8FC331B5CC7FA00833E0C /* Base */,
			);
			name = Main.storyboard;
			sourceTree = "<group>";
		};
		DFC8FC371B5CC7FA00833E0C /* LaunchScreen.xib */ = {
			isa = PBXVariantGroup;
			children = (
				DFC8FC381B5CC7FA00833E0C /* Base */,
			);
			name = LaunchScreen.xib;
			sourceTree = "<group>";
		};
/* End PBXVariantGroup section */

/* Begin XCBuildConfiguration section */
		DFC8FC461B5CC7FA00833E0C /* Debug */ = {
			isa = XCBuildConfiguration;
			buildSettings = {
				ALWAYS_SEARCH_USER_PATHS = NO;
				CLANG_CXX_LANGUAGE_STANDARD = "gnu++0x";
				CLANG_CXX_LIBRARY = "libc++";
				CLANG_ENABLE_MODULES = YES;
				CLANG_ENABLE_OBJC_ARC = YES;
				CLANG_WARN_BOOL_CONVERSION = YES;
				CLANG_WARN_CONSTANT_CONVERSION = YES;
				CLANG_WARN_DIRECT_OBJC_ISA_USAGE = YES_ERROR;
				CLANG_WARN_EMPTY_BODY = YES;
				CLANG_WARN_ENUM_CONVERSION = YES;
				CLANG_WARN_INT_CONVERSION = YES;
				CLANG_WARN_OBJC_ROOT_CLASS = YES_ERROR;
				CLANG_WARN_UNREACHABLE_CODE = YES;
				CLANG_WARN__DUPLICATE_METHOD_MATCH = YES;
				"CODE_SIGN_IDENTITY[sdk=iphoneos*]" = "iPhone Developer";
				COPY_PHASE_STRIP = NO;
				DEBUG_INFORMATION_FORMAT = "dwarf-with-dsym";
				ENABLE_STRICT_OBJC_MSGSEND = YES;
				GCC_C_LANGUAGE_STANDARD = gnu99;
				GCC_DYNAMIC_NO_PIC = NO;
				GCC_NO_COMMON_BLOCKS = YES;
				GCC_OPTIMIZATION_LEVEL = 0;
				GCC_PREPROCESSOR_DEFINITIONS = (
					"DEBUG=1",
					"$(inherited)",
				);
				GCC_SYMBOLS_PRIVATE_EXTERN = NO;
				GCC_WARN_64_TO_32_BIT_CONVERSION = YES;
				GCC_WARN_ABOUT_RETURN_TYPE = YES_ERROR;
				GCC_WARN_UNDECLARED_SELECTOR = YES;
				GCC_WARN_UNINITIALIZED_AUTOS = YES_AGGRESSIVE;
				GCC_WARN_UNUSED_FUNCTION = YES;
				GCC_WARN_UNUSED_VARIABLE = YES;
				IPHONEOS_DEPLOYMENT_TARGET = 8.4;
				MTL_ENABLE_DEBUG_INFO = YES;
				ONLY_ACTIVE_ARCH = YES;
				SDKROOT = iphoneos;
				SWIFT_OPTIMIZATION_LEVEL = "-Onone";
				TARGETED_DEVICE_FAMILY = "1,2";
			};
			name = Debug;
		};
		DFC8FC471B5CC7FA00833E0C /* Release */ = {
			isa = XCBuildConfiguration;
			buildSettings = {
				ALWAYS_SEARCH_USER_PATHS = NO;
				CLANG_CXX_LANGUAGE_STANDARD = "gnu++0x";
				CLANG_CXX_LIBRARY = "libc++";
				CLANG_ENABLE_MODULES = YES;
				CLANG_ENABLE_OBJC_ARC = YES;
				CLANG_WARN_BOOL_CONVERSION = YES;
				CLANG_WARN_CONSTANT_CONVERSION = YES;
				CLANG_WARN_DIRECT_OBJC_ISA_USAGE = YES_ERROR;
				CLANG_WARN_EMPTY_BODY = YES;
				CLANG_WARN_ENUM_CONVERSION = YES;
				CLANG_WARN_INT_CONVERSION = YES;
				CLANG_WARN_OBJC_ROOT_CLASS = YES_ERROR;
				CLANG_WARN_UNREACHABLE_CODE = YES;
				CLANG_WARN__DUPLICATE_METHOD_MATCH = YES;
				"CODE_SIGN_IDENTITY[sdk=iphoneos*]" = "iPhone Developer";
				COPY_PHASE_STRIP = NO;
				DEBUG_INFORMATION_FORMAT = "dwarf-with-dsym";
				ENABLE_NS_ASSERTIONS = NO;
				ENABLE_STRICT_OBJC_MSGSEND = YES;
				GCC_C_LANGUAGE_STANDARD = gnu99;
				GCC_NO_COMMON_BLOCKS = YES;
				GCC_WARN_64_TO_32_BIT_CONVERSION = YES;
				GCC_WARN_ABOUT_RETURN_TYPE = YES_ERROR;
				GCC_WARN_UNDECLARED_SELECTOR = YES;
				GCC_WARN_UNINITIALIZED_AUTOS = YES_AGGRESSIVE;
				GCC_WARN_UNUSED_FUNCTION = YES;
				GCC_WARN_UNUSED_VARIABLE = YES;
				IPHONEOS_DEPLOYMENT_TARGET = 8.4;
				MTL_ENABLE_DEBUG_INFO = NO;
				SDKROOT = iphoneos;
				TARGETED_DEVICE_FAMILY = "1,2";
				VALIDATE_PRODUCT = YES;
			};
			name = Release;
		};
		DFC8FC491B5CC7FA00833E0C /* Debug */ = {
			isa = XCBuildConfiguration;
			buildSettings = {
				ASSETCATALOG_COMPILER_APPICON_NAME = AppIcon;
				FRAMEWORK_SEARCH_PATHS = (
					"$(inherited)",
					"$(PROJECT_DIR)/onthemap",
					/Users/amornapichattanakul/Documents/FacebookSDK,
				);
				INFOPLIST_FILE = onthemap/Info.plist;
				LD_RUNPATH_SEARCH_PATHS = "$(inherited) @executable_path/Frameworks";
				PRODUCT_NAME = "$(TARGET_NAME)";
				SWIFT_OBJC_BRIDGING_HEADER = "onthemap/Bridging-FB.h";
			};
			name = Debug;
		};
		DFC8FC4A1B5CC7FA00833E0C /* Release */ = {
			isa = XCBuildConfiguration;
			buildSettings = {
				ASSETCATALOG_COMPILER_APPICON_NAME = AppIcon;
				FRAMEWORK_SEARCH_PATHS = (
					"$(inherited)",
					"$(PROJECT_DIR)/onthemap",
					/Users/amornapichattanakul/Documents/FacebookSDK,
				);
				INFOPLIST_FILE = onthemap/Info.plist;
				LD_RUNPATH_SEARCH_PATHS = "$(inherited) @executable_path/Frameworks";
				PRODUCT_NAME = "$(TARGET_NAME)";
				SWIFT_OBJC_BRIDGING_HEADER = "onthemap/Bridging-FB.h";
			};
			name = Release;
		};
		DFC8FC4C1B5CC7FA00833E0C /* Debug */ = {
			isa = XCBuildConfiguration;
			buildSettings = {
				BUNDLE_LOADER = "$(TEST_HOST)";
				FRAMEWORK_SEARCH_PATHS = (
					"$(SDKROOT)/Developer/Library/Frameworks",
					"$(inherited)",
				);
				GCC_PREPROCESSOR_DEFINITIONS = (
					"DEBUG=1",
					"$(inherited)",
				);
				INFOPLIST_FILE = onthemapTests/Info.plist;
				LD_RUNPATH_SEARCH_PATHS = "$(inherited) @executable_path/Frameworks @loader_path/Frameworks";
				PRODUCT_NAME = "$(TARGET_NAME)";
				TEST_HOST = "$(BUILT_PRODUCTS_DIR)/onthemap.app/onthemap";
			};
			name = Debug;
		};
		DFC8FC4D1B5CC7FA00833E0C /* Release */ = {
			isa = XCBuildConfiguration;
			buildSettings = {
				BUNDLE_LOADER = "$(TEST_HOST)";
				FRAMEWORK_SEARCH_PATHS = (
					"$(SDKROOT)/Developer/Library/Frameworks",
					"$(inherited)",
				);
				INFOPLIST_FILE = onthemapTests/Info.plist;
				LD_RUNPATH_SEARCH_PATHS = "$(inherited) @executable_path/Frameworks @loader_path/Frameworks";
				PRODUCT_NAME = "$(TARGET_NAME)";
				TEST_HOST = "$(BUILT_PRODUCTS_DIR)/onthemap.app/onthemap";
			};
			name = Release;
		};
/* End XCBuildConfiguration section */

/* Begin XCConfigurationList section */
		DFC8FC211B5CC7FA00833E0C /* Build configuration list for PBXProject "onthemap" */ = {
			isa = XCConfigurationList;
			buildConfigurations = (
				DFC8FC461B5CC7FA00833E0C /* Debug */,
				DFC8FC471B5CC7FA00833E0C /* Release */,
			);
			defaultConfigurationIsVisible = 0;
			defaultConfigurationName = Release;
		};
		DFC8FC481B5CC7FA00833E0C /* Build configuration list for PBXNativeTarget "onthemap" */ = {
			isa = XCConfigurationList;
			buildConfigurations = (
				DFC8FC491B5CC7FA00833E0C /* Debug */,
				DFC8FC4A1B5CC7FA00833E0C /* Release */,
			);
			defaultConfigurationIsVisible = 0;
			defaultConfigurationName = Release;
		};
		DFC8FC4B1B5CC7FA00833E0C /* Build configuration list for PBXNativeTarget "onthemapTests" */ = {
			isa = XCConfigurationList;
			buildConfigurations = (
				DFC8FC4C1B5CC7FA00833E0C /* Debug */,
				DFC8FC4D1B5CC7FA00833E0C /* Release */,
			);
			defaultConfigurationIsVisible = 0;
			defaultConfigurationName = Release;
		};
/* End XCConfigurationList section */

/* Begin XCVersionGroup section */
		DFC8FC2D1B5CC7FA00833E0C /* onthemap.xcdatamodeld */ = {
			isa = XCVersionGroup;
			children = (
				DFC8FC2E1B5CC7FA00833E0C /* onthemap.xcdatamodel */,
			);
			currentVersion = DFC8FC2E1B5CC7FA00833E0C /* onthemap.xcdatamodel */;
			path = onthemap.xcdatamodeld;
			sourceTree = "<group>";
			versionGroupType = wrapper.xcdatamodel;
		};
/* End XCVersionGroup section */
	};
	rootObject = DFC8FC1E1B5CC7FA00833E0C /* Project object */;
}
